
Microsoft Visual Studio Solution File, Format Version 12.00
# Visual Studio Version 16
VisualStudioVersion = 16.0.33927.289
MinimumVisualStudioVersion = 10.0.40219.1
Project("{FAE04EC0-301F-11D3-BF4B-00C04F79EFBC}") = "ระบบจองล็อคตลาด", "ระบบจองล็อคตลาด\ระบบจองล็อคตลาด.csproj", "{C8114841-EB75-4692-95CB-C0B0E092CC97}"
EndProject
Project("{54435603-DBB4-11D2-8724-00A0C9A8B90C}") = "FleaMarketLock", "FleaMarket\FleaMarket.vdproj", "{AD3DA3C8-4BA8-44B0-B8A2-98D4CE72E649}"
EndProject
Global
	GlobalSection(SolutionConfigurationPlatforms) = preSolution
		Debug|Any CPU = Debug|Any CPU
		Debug|Default = Debug|Default
		Release|Any CPU = Release|Any CPU
		Release|Default = Release|Default
	EndGlobalSection
	GlobalSection(ProjectConfigurationPlatforms) = postSolution
		{C8114841-EB75-4692-95CB-C0B0E092CC97}.Debug|Any CPU.ActiveCfg = Debug|Any CPU
		{C8114841-EB75-4692-95CB-C0B0E092CC97}.Debug|Any CPU.Build.0 = Debug|Any CPU
		{C8114841-EB75-4692-95CB-C0B0E092CC97}.Debug|Default.ActiveCfg = Debug|Any CPU
		{C8114841-EB75-4692-95CB-C0B0E092CC97}.Debug|Default.Build.0 = Debug|Any CPU
		{C8114841-EB75-4692-95CB-C0B0E092CC97}.Release|Any CPU.ActiveCfg = Release|Any CPU
		{C8114841-EB75-4692-95CB-C0B0E092CC97}.Release|Any CPU.Build.0 = Release|Any CPU
		{C8114841-EB75-4692-95CB-C0B0E092CC97}.Release|Default.ActiveCfg = Release|Any CPU
		{C8114841-EB75-4692-95CB-C0B0E092CC97}.Release|Default.Build.0 = Release|Any CPU
		{AD3DA3C8-4BA8-44B0-B8A2-98D4CE72E649}.Debug|Any CPU.ActiveCfg = Debug
		{AD3DA3C8-4BA8-44B0-B8A2-98D4CE72E649}.Debug|Default.ActiveCfg = Debug
		{AD3DA3C8-4BA8-44B0-B8A2-98D4CE72E649}.Debug|Default.Build.0 = Debug
		{AD3DA3C8-4BA8-44B0-B8A2-98D4CE72E649}.Release|Any CPU.ActiveCfg = Debug
		{AD3DA3C8-4BA8-44B0-B8A2-98D4CE72E649}.Release|Default.ActiveCfg = Debug
	EndGlobalSection
	GlobalSection(SolutionProperties) = preSolution
		HideSolutionNode = FALSE
	EndGlobalSection
	GlobalSection(ExtensibilityGlobals) = postSolution
		SolutionGuid = {9F25FF2F-252F-416D-9B3A-86B6FBA377A0}
	EndGlobalSection
	GlobalSection(SolutionConfigurationPlatforms) = preSolution
		Debug|Any CPU = Debug|Any CPU
		Debug|Default = Debug|Default
		Release|Any CPU = Release|Any CPU
		Release|Default = Release|Default
	EndGlobalSection
	GlobalSection(SolutionConfigurationPlatforms) = preSolution
		Debug|Any CPU = Debug|Any CPU
		Debug|Default = Debug|Default
		Release|Any CPU = Release|Any CPU
		Release|Default = Release|Default
	EndGlobalSection
EndGlobal
